
Microsoft Visual Studio Solution File, Format Version 12.00
# Visual Studio Version 17
VisualStudioVersion = 17.8.34408.163
MinimumVisualStudioVersion = 10.0.40219.1
Project("{FAE04EC0-301F-11D3-BF4B-00C04F79EFBC}") = "Task3", "Task3\Task3.csproj", "{87B3A71D-4E6C-41E1-8FFB-7D77B761E41B}"
EndProject
Global
	GlobalSection(SolutionConfigurationPlatforms) = preSolution
		Debug|Any CPU = Debug|Any CPU
		Release|Any CPU = Release|Any CPU
	EndGlobalSection
	GlobalSection(ProjectConfigurationPlatforms) = postSolution
		{87B3A71D-4E6C-41E1-8FFB-7D77B761E41B}.Debug|Any CPU.ActiveCfg = Debug|Any CPU
		{87B3A71D-4E6C-41E1-8FFB-7D77B761E41B}.Debug|Any CPU.Build.0 = Debug|Any CPU
		{87B3A71D-4E6C-41E1-8FFB-7D77B761E41B}.Release|Any CPU.ActiveCfg = Release|Any CPU
		{87B3A71D-4E6C-41E1-8FFB-7D77B761E41B}.Release|Any CPU.Build.0 = Release|Any CPU
	EndGlobalSection
	GlobalSection(SolutionProperties) = preSolution
		HideSolutionNode = FALSE
	EndGlobalSection
	GlobalSection(ExtensibilityGlobals) = postSolution
		SolutionGuid = {4F02AD29-8670-4EEC-AB4D-52DF6E95FE4E}
	EndGlobalSection
EndGlobal
